// !$*UTF8*$!
{
	archiveVersion = 1;
	classes = {
	};
	objectVersion = 77;
	objects = {

/* Begin PBXBuildFile section */
		2DA3DB69CDAFCF229315C4B1 /* NetworkPiPApp.swift in Sources */ = {isa = PBXBuildFile; fileRef = 97F376E4DEEA910832EF60E1 /* NetworkPiPApp.swift */; };
		77250694723C8BD2AC4EAC69 /* ContentView.swift in Sources */ = {isa = PBXBuildFile; fileRef = 47C61044ED7284EB6FF9B2AE /* ContentView.swift */; };
		8D80F17C49BD7FE982B48A17 /* PiPContentView.swift in Sources */ = {isa = PBXBuildFile; fileRef = 7ADD89883BB5B46D62ABEA85 /* PiPContentView.swift */; };
		93E87E3C142B43073023C087 /* NetworkMonitor.swift in Sources */ = {isa = PBXBuildFile; fileRef = CDFE7437C320BD45A9C9F0A7 /* NetworkMonitor.swift */; };
		A32F140D73AFEA8776895087 /* Assets.xcassets in Resources */ = {isa = PBXBuildFile; fileRef = 3100D9516EBDB7EBC7142A7B /* Assets.xcassets */; };
		A68AE41666908967752379D4 /* PiPManager.swift in Sources */ = {isa = PBXBuildFile; fileRef = 69613536A00D3CA52012D676 /* PiPManager.swift */; };
/* End PBXBuildFile section */

/* Begin PBXFileReference section */
		3100D9516EBDB7EBC7142A7B /* Assets.xcassets */ = {isa = PBXFileReference; lastKnownFileType = folder.assetcatalog; path = Assets.xcassets; sourceTree = "<group>"; };
		47C61044ED7284EB6FF9B2AE /* ContentView.swift */ = {isa = PBXFileReference; lastKnownFileType = sourcecode.swift; path = ContentView.swift; sourceTree = "<group>"; };
		69613536A00D3CA52012D676 /* PiPManager.swift */ = {isa = PBXFileReference; lastKnownFileType = sourcecode.swift; path = PiPManager.swift; sourceTree = "<group>"; };
		7ADD89883BB5B46D62ABEA85 /* PiPContentView.swift */ = {isa = PBXFileReference; lastKnownFileType = sourcecode.swift; path = PiPContentView.swift; sourceTree = "<group>"; };
		97F376E4DEEA910832EF60E1 /* NetworkPiPApp.swift */ = {isa = PBXFileReference; lastKnownFileType = sourcecode.swift; path = NetworkPiPApp.swift; sourceTree = "<group>"; };
		B346B0CBA2469A0AAA935346 /* NetworkPiP.app */ = {isa = PBXFileReference; explicitFileType = wrapper.application; includeInIndex = 0; path = NetworkPiP.app; sourceTree = BUILT_PRODUCTS_DIR; };
		CDFE7437C320BD45A9C9F0A7 /* NetworkMonitor.swift */ = {isa = PBXFileReference; lastKnownFileType = sourcecode.swift; path = NetworkMonitor.swift; sourceTree = "<group>"; };
/* End PBXFileReference section */

/* Begin PBXGroup section */
		628A6A7D354CC960BA06F7A4 /* Products */ = {
			isa = PBXGroup;
			children = (
				B346B0CBA2469A0AAA935346 /* NetworkPiP.app */,
			);
			name = Products;
			sourceTree = "<group>";
		};
		9D239D84749A1FF7D66BC34A = {
			isa = PBXGroup;
			children = (
				D9B9B45154397CFD3B8342D8 /* Sources */,
				628A6A7D354CC960BA06F7A4 /* Products */,
			);
			sourceTree = "<group>";
		};
		D9B9B45154397CFD3B8342D8 /* Sources */ = {
			isa = PBXGroup;
			children = (
				3100D9516EBDB7EBC7142A7B /* Assets.xcassets */,
				47C61044ED7284EB6FF9B2AE /* ContentView.swift */,
				CDFE7437C320BD45A9C9F0A7 /* NetworkMonitor.swift */,
				97F376E4DEEA910832EF60E1 /* NetworkPiPApp.swift */,
				7ADD89883BB5B46D62ABEA85 /* PiPContentView.swift */,
				69613536A00D3CA52012D676 /* PiPManager.swift */,
			);
			path = Sources;
			sourceTree = "<group>";
		};
/* End PBXGroup section */

/* Begin PBXNativeTarget section */
		38604D74DC88C49F5E045D2B /* NetworkPiP */ = {
			isa = PBXNativeTarget;
			buildConfigurationList = 676815675D0013E12FB27BEE /* Build configuration list for PBXNativeTarget "NetworkPiP" */;
			buildPhases = (
				1B67C2DBA48BEB47EC73BB1F /* Sources */,
				D12227A417890F85611FB944 /* Resources */,
			);
			buildRules = (
			);
			dependencies = (
			);
			name = NetworkPiP;
			packageProductDependencies = (
			);
			productName = NetworkPiP;
			productReference = B346B0CBA2469A0AAA935346 /* NetworkPiP.app */;
			productType = "com.apple.product-type.application";
		};
/* End PBXNativeTarget section */

/* Begin PBXProject section */
		59B0303FDD57CCD5B5DB9E49 /* Project object */ = {
			isa = PBXProject;
			attributes = {
				BuildIndependentTargetsInParallel = YES;
				LastUpgradeCheck = 1430;
			};
			buildConfigurationList = A10188152B2E64940B53103D /* Build configuration list for PBXProject "NetworkPiP" */;
			developmentRegion = en;
			hasScannedForEncodings = 0;
			knownRegions = (
				Base,
				en,
			);
			mainGroup = 9D239D84749A1FF7D66BC34A;
			minimizedProjectReferenceProxies = 1;
			preferredProjectObjectVersion = 77;
			productRefGroup = 628A6A7D354CC960BA06F7A4 /* Products */;
			projectDirPath = "";
			projectRoot = "";
			targets = (
				38604D74DC88C49F5E045D2B /* NetworkPiP */,
			);
		};
/* End PBXProject section */

/* Begin PBXResourcesBuildPhase section */
		D12227A417890F85611FB944 /* Resources */ = {
			isa = PBXResourcesBuildPhase;
			buildActionMask = 2147483647;
			files = (
				A32F140D73AFEA8776895087 /* Assets.xcassets in Resources */,
			);
			runOnlyForDeploymentPostprocessing = 0;
		};
/* End PBXResourcesBuildPhase section */

/* Begin PBXSourcesBuildPhase section */
		1B67C2DBA48BEB47EC73BB1F /* Sources */ = {
			isa = PBXSourcesBuildPhase;
			buildActionMask = 2147483647;
			files = (
				77250694723C8BD2AC4EAC69 /* ContentView.swift in Sources */,
				93E87E3C142B43073023C087 /* NetworkMonitor.swift in Sources */,
				2DA3DB69CDAFCF229315C4B1 /* NetworkPiPApp.swift in Sources */,
				8D80F17C49BD7FE982B48A17 /* PiPContentView.swift in Sources */,
				A68AE41666908967752379D4 /* PiPManager.swift in Sources */,
			);
			runOnlyForDeploymentPostprocessing = 0;
		};
/* End PBXSourcesBuildPhase section */

/* Begin XCBuildConfiguration section */
		18DBE06F0ABB0724FB73884F /* Debug */ = {
			isa = XCBuildConfiguration;
			buildSettings = {
				ASSETCATALOG_COMPILER_APPICON_NAME = AppIcon;
				CODE_SIGN_IDENTITY = "iPhone Developer";
				CURRENT_PROJECT_VERSION = 1;
				DEVELOPMENT_TEAM = 4KCTX46F5D;
				GENERATE_INFOPLIST_FILE = NO;
				INFOPLIST_FILE = Info.plist;
				IPHONEOS_DEPLOYMENT_TARGET = 15.0;
				LD_RUNPATH_SEARCH_PATHS = (
					"$(inherited)",
					"@executable_path/Frameworks",
				);
				MARKETING_VERSION = 1.0;
				PRODUCT_BUNDLE_IDENTIFIER = com.tuanmanman.realtime.speed;
				SDKROOT = iphoneos;
				TARGETED_DEVICE_FAMILY = "1,2";
			};
			name = Debug;
		};
		2F79E566A9034A414DAE80EC /* Release */ = {
			isa = XCBuildConfiguration;
			buildSettings = {
				ASSETCATALOG_COMPILER_APPICON_NAME = AppIcon;
				CODE_SIGN_IDENTITY = "iPhone Developer";
				CURRENT_PROJECT_VERSION = 1;
				DEVELOPMENT_TEAM = 4KCTX46F5D;
				GENERATE_INFOPLIST_FILE = NO;
				INFOPLIST_FILE = Info.plist;
				IPHONEOS_DEPLOYMENT_TARGET = 15.0;
				LD_RUNPATH_SEARCH_PATHS = (
					"$(inherited)",
					"@executable_path/Frameworks",
				);
				MARKETING_VERSION = 1.0;
				PRODUCT_BUNDLE_IDENTIFIER = com.tuanmanman.realtime.speed;
				SDKROOT = iphoneos;
				TARGETED_DEVICE_FAMILY = "1,2";
			};
			name = Release;
		};
		9788775CF0FC9CBC3B4CC76C /* Release */ = {
			isa = XCBuildConfiguration;
			buildSettings = {
				ALWAYS_SEARCH_USER_PATHS = NO;
				CLANG_ANALYZER_NONNULL = YES;
				CLANG_ANALYZER_NUMBER_OBJECT_CONVERSION = YES_AGGRESSIVE;
				CLANG_CXX_LANGUAGE_STANDARD = "gnu++14";
				CLANG_CXX_LIBRARY = "libc++";
				CLANG_ENABLE_MODULES = YES;
				CLANG_ENABLE_OBJC_ARC = YES;
				CLANG_ENABLE_OBJC_WEAK = YES;
				CLANG_WARN_BLOCK_CAPTURE_AUTORELEASING = YES;
				CLANG_WARN_BOOL_CONVERSION = YES;
				CLANG_WARN_COMMA = YES;
				CLANG_WARN_CONSTANT_CONVERSION = YES;
				CLANG_WARN_DEPRECATED_OBJC_IMPLEMENTATIONS = YES;
				CLANG_WARN_DIRECT_OBJC_ISA_USAGE = YES_ERROR;
				CLANG_WARN_DOCUMENTATION_COMMENTS = YES;
				CLANG_WARN_EMPTY_BODY = YES;
				CLANG_WARN_ENUM_CONVERSION = YES;
				CLANG_WARN_INFINITE_RECURSION = YES;
				CLANG_WARN_INT_CONVERSION = YES;
				CLANG_WARN_NON_LITERAL_NULL_CONVERSION = YES;
				CLANG_WARN_OBJC_IMPLICIT_RETAIN_SELF = YES;
				CLANG_WARN_OBJC_LITERAL_CONVERSION = YES;
				CLANG_WARN_OBJC_ROOT_CLASS = YES_ERROR;
				CLANG_WARN_QUOTED_INCLUDE_IN_FRAMEWORK_HEADER = YES;
				CLANG_WARN_RANGE_LOOP_ANALYSIS = YES;
				CLANG_WARN_STRICT_PROTOTYPES = YES;
				CLANG_WARN_SUSPICIOUS_MOVE = YES;
				CLANG_WARN_UNGUARDED_AVAILABILITY = YES_AGGRESSIVE;
				CLANG_WARN_UNREACHABLE_CODE = YES;
				CLANG_WARN__DUPLICATE_METHOD_MATCH = YES;
				COPY_PHASE_STRIP = NO;
				DEBUG_INFORMATION_FORMAT = "dwarf-with-dsym";
				ENABLE_NS_ASSERTIONS = NO;
				ENABLE_STRICT_OBJC_MSGSEND = YES;
				GCC_C_LANGUAGE_STANDARD = gnu11;
				GCC_NO_COMMON_BLOCKS = YES;
				GCC_WARN_64_TO_32_BIT_CONVERSION = YES;
				GCC_WARN_ABOUT_RETURN_TYPE = YES_ERROR;
				GCC_WARN_UNDECLARED_SELECTOR = YES;
				GCC_WARN_UNINITIALIZED_AUTOS = YES_AGGRESSIVE;
				GCC_WARN_UNUSED_FUNCTION = YES;
				GCC_WARN_UNUSED_VARIABLE = YES;
				MTL_ENABLE_DEBUG_INFO = NO;
				MTL_FAST_MATH = YES;
				PRODUCT_NAME = "$(TARGET_NAME)";
				SDKROOT = iphoneos;
				SWIFT_COMPILATION_MODE = wholemodule;
				SWIFT_OPTIMIZATION_LEVEL = "-O";
				SWIFT_VERSION = 5.0;
			};
			name = Release;
		};
		C5787E009000C517967F5FE7 /* Debug */ = {
			isa = XCBuildConfiguration;
			buildSettings = {
				ALWAYS_SEARCH_USER_PATHS = NO;
				CLANG_ANALYZER_NONNULL = YES;
				CLANG_ANALYZER_NUMBER_OBJECT_CONVERSION = YES_AGGRESSIVE;
				CLANG_CXX_LANGUAGE_STANDARD = "gnu++14";
				CLANG_CXX_LIBRARY = "libc++";
				CLANG_ENABLE_MODULES = YES;
				CLANG_ENABLE_OBJC_ARC = YES;
				CLANG_ENABLE_OBJC_WEAK = YES;
				CLANG_WARN_BLOCK_CAPTURE_AUTORELEASING = YES;
				CLANG_WARN_BOOL_CONVERSION = YES;
				CLANG_WARN_COMMA = YES;
				CLANG_WARN_CONSTANT_CONVERSION = YES;
				CLANG_WARN_DEPRECATED_OBJC_IMPLEMENTATIONS = YES;
				CLANG_WARN_DIRECT_OBJC_ISA_USAGE = YES_ERROR;
				CLANG_WARN_DOCUMENTATION_COMMENTS = YES;
				CLANG_WARN_EMPTY_BODY = YES;
				CLANG_WARN_ENUM_CONVERSION = YES;
				CLANG_WARN_INFINITE_RECURSION = YES;
				CLANG_WARN_INT_CONVERSION = YES;
				CLANG_WARN_NON_LITERAL_NULL_CONVERSION = YES;
				CLANG_WARN_OBJC_IMPLICIT_RETAIN_SELF = YES;
				CLANG_WARN_OBJC_LITERAL_CONVERSION = YES;
				CLANG_WARN_OBJC_ROOT_CLASS = YES_ERROR;
				CLANG_WARN_QUOTED_INCLUDE_IN_FRAMEWORK_HEADER = YES;
				CLANG_WARN_RANGE_LOOP_ANALYSIS = YES;
				CLANG_WARN_STRICT_PROTOTYPES = YES;
				CLANG_WARN_SUSPICIOUS_MOVE = YES;
				CLANG_WARN_UNGUARDED_AVAILABILITY = YES_AGGRESSIVE;
				CLANG_WARN_UNREACHABLE_CODE = YES;
				CLANG_WARN__DUPLICATE_METHOD_MATCH = YES;
				COPY_PHASE_STRIP = NO;
				DEBUG_INFORMATION_FORMAT = dwarf;
				ENABLE_STRICT_OBJC_MSGSEND = YES;
				ENABLE_TESTABILITY = YES;
				GCC_C_LANGUAGE_STANDARD = gnu11;
				GCC_DYNAMIC_NO_PIC = NO;
				GCC_NO_COMMON_BLOCKS = YES;
				GCC_OPTIMIZATION_LEVEL = 0;
				GCC_PREPROCESSOR_DEFINITIONS = (
					"$(inherited)",
					"DEBUG=1",
				);
				GCC_WARN_64_TO_32_BIT_CONVERSION = YES;
				GCC_WARN_ABOUT_RETURN_TYPE = YES_ERROR;
				GCC_WARN_UNDECLARED_SELECTOR = YES;
				GCC_WARN_UNINITIALIZED_AUTOS = YES_AGGRESSIVE;
				GCC_WARN_UNUSED_FUNCTION = YES;
				GCC_WARN_UNUSED_VARIABLE = YES;
				MTL_ENABLE_DEBUG_INFO = INCLUDE_SOURCE;
				MTL_FAST_MATH = YES;
				ONLY_ACTIVE_ARCH = YES;
				PRODUCT_NAME = "$(TARGET_NAME)";
				SDKROOT = iphoneos;
				SWIFT_ACTIVE_COMPILATION_CONDITIONS = DEBUG;
				SWIFT_OPTIMIZATION_LEVEL = "-Onone";
				SWIFT_VERSION = 5.0;
			};
			name = Debug;
		};
/* End XCBuildConfiguration section */

/* Begin XCConfigurationList section */
		676815675D0013E12FB27BEE /* Build configuration list for PBXNativeTarget "NetworkPiP" */ = {
			isa = XCConfigurationList;
			buildConfigurations = (
				18DBE06F0ABB0724FB73884F /* Debug */,
				2F79E566A9034A414DAE80EC /* Release */,
			);
			defaultConfigurationIsVisible = 0;
			defaultConfigurationName = Debug;
		};
		A10188152B2E64940B53103D /* Build configuration list for PBXProject "NetworkPiP" */ = {
			isa = XCConfigurationList;
			buildConfigurations = (
				C5787E009000C517967F5FE7 /* Debug */,
				9788775CF0FC9CBC3B4CC76C /* Release */,
			);
			defaultConfigurationIsVisible = 0;
			defaultConfigurationName = Debug;
		};
/* End XCConfigurationList section */
	};
	rootObject = 59B0303FDD57CCD5B5DB9E49 /* Project object */;
}
